
Microsoft Visual Studio Solution File, Format Version 12.00
# Visual Studio 2013
VisualStudioVersion = 12.0.21005.1
MinimumVisualStudioVersion = 10.0.40219.1
Project("{FAE04EC0-301F-11D3-BF4B-00C04F79EFBC}") = "EpicSchoolManagement", "EpicSchoolManagement\EpicSchoolManagement.csproj", "{2ED1088D-BF8C-4374-96AD-2D7790A9EABF}"
EndProject
Project("{FAE04EC0-301F-11D3-BF4B-00C04F79EFBC}") = "SendMail", "SendMail\SendMail.csproj", "{AA9CEC74-4EAE-4A77-80C9-4E78D4CF9D49}"
EndProject
Project("{FAE04EC0-301F-11D3-BF4B-00C04F79EFBC}") = "ActivityMonitor", "ActivityMonitor\ActivityMonitor.csproj", "{E0045E56-DD53-4948-A1C4-EC6DF69305C5}"
EndProject
Global
	GlobalSection(SolutionConfigurationPlatforms) = preSolution
		Debug|Any CPU = Debug|Any CPU
		Release|Any CPU = Release|Any CPU
	EndGlobalSection
	GlobalSection(ProjectConfigurationPlatforms) = postSolution
		{2ED1088D-BF8C-4374-96AD-2D7790A9EABF}.Debug|Any CPU.ActiveCfg = Debug|Any CPU
		{2ED1088D-BF8C-4374-96AD-2D7790A9EABF}.Debug|Any CPU.Build.0 = Debug|Any CPU
		{2ED1088D-BF8C-4374-96AD-2D7790A9EABF}.Release|Any CPU.ActiveCfg = Release|Any CPU
		{2ED1088D-BF8C-4374-96AD-2D7790A9EABF}.Release|Any CPU.Build.0 = Release|Any CPU
		{AA9CEC74-4EAE-4A77-80C9-4E78D4CF9D49}.Debug|Any CPU.ActiveCfg = Debug|Any CPU
		{AA9CEC74-4EAE-4A77-80C9-4E78D4CF9D49}.Debug|Any CPU.Build.0 = Debug|Any CPU
		{AA9CEC74-4EAE-4A77-80C9-4E78D4CF9D49}.Release|Any CPU.ActiveCfg = Release|Any CPU
		{AA9CEC74-4EAE-4A77-80C9-4E78D4CF9D49}.Release|Any CPU.Build.0 = Release|Any CPU
		{E0045E56-DD53-4948-A1C4-EC6DF69305C5}.Debug|Any CPU.ActiveCfg = Debug|Any CPU
		{E0045E56-DD53-4948-A1C4-EC6DF69305C5}.Debug|Any CPU.Build.0 = Debug|Any CPU
		{E0045E56-DD53-4948-A1C4-EC6DF69305C5}.Release|Any CPU.ActiveCfg = Release|Any CPU
		{E0045E56-DD53-4948-A1C4-EC6DF69305C5}.Release|Any CPU.Build.0 = Release|Any CPU
	EndGlobalSection
	GlobalSection(SolutionProperties) = preSolution
		HideSolutionNode = FALSE
	EndGlobalSection
EndGlobal
